
Microsoft Visual Studio Solution File, Format Version 12.00
# Visual Studio Version 16
VisualStudioVersion = 16.0.30621.155
MinimumVisualStudioVersion = 10.0.40219.1
Project("{FAE04EC0-301F-11D3-BF4B-00C04F79EFBC}") = "Triangle_properties", "Triangle_properties\Triangle_properties.csproj", "{7EABB11E-2EBC-4892-B16F-AD3C952163E1}"
EndProject
Global
	GlobalSection(SolutionConfigurationPlatforms) = preSolution
		Debug|Any CPU = Debug|Any CPU
		Release|Any CPU = Release|Any CPU
	EndGlobalSection
	GlobalSection(ProjectConfigurationPlatforms) = postSolution
		{7EABB11E-2EBC-4892-B16F-AD3C952163E1}.Debug|Any CPU.ActiveCfg = Debug|Any CPU
		{7EABB11E-2EBC-4892-B16F-AD3C952163E1}.Debug|Any CPU.Build.0 = Debug|Any CPU
		{7EABB11E-2EBC-4892-B16F-AD3C952163E1}.Release|Any CPU.ActiveCfg = Release|Any CPU
		{7EABB11E-2EBC-4892-B16F-AD3C952163E1}.Release|Any CPU.Build.0 = Release|Any CPU
	EndGlobalSection
	GlobalSection(SolutionProperties) = preSolution
		HideSolutionNode = FALSE
	EndGlobalSection
	GlobalSection(ExtensibilityGlobals) = postSolution
		SolutionGuid = {1EB063CB-F1BE-4385-94F6-B7C7B37A5141}
	EndGlobalSection
EndGlobal
